// !$*UTF8*$!
{
	archiveVersion = 1;
	classes = {
	};
	objectVersion = 46;
	objects = {

/* Begin PBXBuildFile section */
		FF94428B14F8089600F118F5 /* libssl.a in Frameworks */ = {isa = PBXBuildFile; fileRef = FF94428A14F8089600F118F5 /* libssl.a */; };
		FF9443BD14F844AA00F118F5 /* libcrypto.a in Frameworks */ = {isa = PBXBuildFile; fileRef = FF9443BC14F844AA00F118F5 /* libcrypto.a */; };
		FF9443D014F8472D00F118F5 /* libpq.a in Frameworks */ = {isa = PBXBuildFile; fileRef = FF9443CF14F8472D00F118F5 /* libpq.a */; };
		FFEFEE0014F6F12000D78112 /* UIKit.framework in Frameworks */ = {isa = PBXBuildFile; fileRef = FFEFEDFF14F6F12000D78112 /* UIKit.framework */; };
		FFEFEE0214F6F12000D78112 /* Foundation.framework in Frameworks */ = {isa = PBXBuildFile; fileRef = FFEFEE0114F6F12000D78112 /* Foundation.framework */; };
		FFEFEE0414F6F12000D78112 /* CoreGraphics.framework in Frameworks */ = {isa = PBXBuildFile; fileRef = FFEFEE0314F6F12000D78112 /* CoreGraphics.framework */; };
		FFEFEE0A14F6F12000D78112 /* InfoPlist.strings in Resources */ = {isa = PBXBuildFile; fileRef = FFEFEE0814F6F12000D78112 /* InfoPlist.strings */; };
		FFEFEE0C14F6F12000D78112 /* main.m in Sources */ = {isa = PBXBuildFile; fileRef = FFEFEE0B14F6F12000D78112 /* main.m */; };
		FFEFEE1014F6F12000D78112 /* AppDelegate.m in Sources */ = {isa = PBXBuildFile; fileRef = FFEFEE0F14F6F12000D78112 /* AppDelegate.m */; };
		FFEFEE1314F6F12000D78112 /* FirstViewController.m in Sources */ = {isa = PBXBuildFile; fileRef = FFEFEE1214F6F12000D78112 /* FirstViewController.m */; };
		FFEFEE1514F6F12000D78112 /* first.png in Resources */ = {isa = PBXBuildFile; fileRef = FFEFEE1414F6F12000D78112 /* first.png */; };
		FFEFEE1714F6F12000D78112 /* first@2x.png in Resources */ = {isa = PBXBuildFile; fileRef = FFEFEE1614F6F12000D78112 /* first@2x.png */; };
		FFEFEE1A14F6F12000D78112 /* SecondViewController.m in Sources */ = {isa = PBXBuildFile; fileRef = FFEFEE1914F6F12000D78112 /* SecondViewController.m */; };
		FFEFEE1C14F6F12000D78112 /* second.png in Resources */ = {isa = PBXBuildFile; fileRef = FFEFEE1B14F6F12000D78112 /* second.png */; };
		FFEFEE1E14F6F12000D78112 /* second@2x.png in Resources */ = {isa = PBXBuildFile; fileRef = FFEFEE1D14F6F12000D78112 /* second@2x.png */; };
		FFEFEE2114F6F12100D78112 /* FirstViewController.xib in Resources */ = {isa = PBXBuildFile; fileRef = FFEFEE1F14F6F12100D78112 /* FirstViewController.xib */; };
		FFEFEE2414F6F12100D78112 /* SecondViewController.xib in Resources */ = {isa = PBXBuildFile; fileRef = FFEFEE2214F6F12100D78112 /* SecondViewController.xib */; };
/* End PBXBuildFile section */

/* Begin PBXContainerItemProxy section */
		FF94430414F8151300F118F5 /* PBXContainerItemProxy */ = {
			isa = PBXContainerItemProxy;
			containerPortal = FF9442FF14F8151200F118F5 /* libpq-ios.xcodeproj */;
			proxyType = 2;
			remoteGlobalIDString = 4BA5029F138A58BD00F2653C;
			remoteInfo = "libpq-ios";
		};
		FF94430614F8151300F118F5 /* PBXContainerItemProxy */ = {
			isa = PBXContainerItemProxy;
			containerPortal = FF9442FF14F8151200F118F5 /* libpq-ios.xcodeproj */;
			proxyType = 2;
			remoteGlobalIDString = 4BA502AC138A58BD00F2653C;
			remoteInfo = "libpq-iosTests";
		};
/* End PBXContainerItemProxy section */

/* Begin PBXFileReference section */
		FF94428A14F8089600F118F5 /* libssl.a */ = {isa = PBXFileReference; lastKnownFileType = archive.ar; name = libssl.a; path = FlukeDatabaseTool/libssl.a; sourceTree = "<group>"; };
		FF9442FF14F8151200F118F5 /* libpq-ios.xcodeproj */ = {isa = PBXFileReference; lastKnownFileType = "wrapper.pb-project"; name = "libpq-ios.xcodeproj"; path = "../../libpq-ios/libpq-ios.xcodeproj"; sourceTree = "<group>"; };
		FF94436C14F8449200F118F5 /* libpq-fs.h */ = {isa = PBXFileReference; fileEncoding = 4; lastKnownFileType = sourcecode.c.h; path = "libpq-fs.h"; sourceTree = "<group>"; };
		FF94436D14F8449200F118F5 /* libpq-events.h */ = {isa = PBXFileReference; fileEncoding = 4; lastKnownFileType = sourcecode.c.h; path = "libpq-events.h"; sourceTree = "<group>"; };
		FF94436E14F8449200F118F5 /* libpq-fe.h */ = {isa = PBXFileReference; fileEncoding = 4; lastKnownFileType = sourcecode.c.h; path = "libpq-fe.h"; sourceTree = "<group>"; };
		FF94437014F8449200F118F5 /* aes.h */ = {isa = PBXFileReference; fileEncoding = 4; lastKnownFileType = sourcecode.c.h; path = aes.h; sourceTree = "<group>"; };
		FF94437114F8449200F118F5 /* asn1.h */ = {isa = PBXFileReference; fileEncoding = 4; lastKnownFileType = sourcecode.c.h; path = asn1.h; sourceTree = "<group>"; };
		FF94437214F8449200F118F5 /* asn1_mac.h */ = {isa = PBXFileReference; fileEncoding = 4; lastKnownFileType = sourcecode.c.h; path = asn1_mac.h; sourceTree = "<group>"; };
		FF94437314F8449200F118F5 /* asn1t.h */ = {isa = PBXFileReference; fileEncoding = 4; lastKnownFileType = sourcecode.c.h; path = asn1t.h; sourceTree = "<group>"; };
		FF94437414F8449200F118F5 /* bio.h */ = {isa = PBXFileReference; fileEncoding = 4; lastKnownFileType = sourcecode.c.h; path = bio.h; sourceTree = "<group>"; };
		FF94437514F8449200F118F5 /* blowfish.h */ = {isa = PBXFileReference; fileEncoding = 4; lastKnownFileType = sourcecode.c.h; path = blowfish.h; sourceTree = "<group>"; };
		FF94437614F8449200F118F5 /* bn.h */ = {isa = PBXFileReference; fileEncoding = 4; lastKnownFileType = sourcecode.c.h; path = bn.h; sourceTree = "<group>"; };
		FF94437714F8449200F118F5 /* buffer.h */ = {isa = PBXFileReference; fileEncoding = 4; lastKnownFileType = sourcecode.c.h; path = buffer.h; sourceTree = "<group>"; };
		FF94437814F8449200F118F5 /* camellia.h */ = {isa = PBXFileReference; fileEncoding = 4; lastKnownFileType = sourcecode.c.h; path = camellia.h; sourceTree = "<group>"; };
		FF94437914F8449200F118F5 /* cast.h */ = {isa = PBXFileReference; fileEncoding = 4; lastKnownFileType = sourcecode.c.h; path = cast.h; sourceTree = "<group>"; };
		FF94437A14F8449200F118F5 /* cms.h */ = {isa = PBXFileReference; fileEncoding = 4; lastKnownFileType = sourcecode.c.h; path = cms.h; sourceTree = "<group>"; };
		FF94437B14F8449200F118F5 /* comp.h */ = {isa = PBXFileReference; fileEncoding = 4; lastKnownFileType = sourcecode.c.h; path = comp.h; sourceTree = "<group>"; };
		FF94437C14F8449200F118F5 /* conf.h */ = {isa = PBXFileReference; fileEncoding = 4; lastKnownFileType = sourcecode.c.h; path = conf.h; sourceTree = "<group>"; };
		FF94437D14F8449200F118F5 /* conf_api.h */ = {isa = PBXFileReference; fileEncoding = 4; lastKnownFileType = sourcecode.c.h; path = conf_api.h; sourceTree = "<group>"; };
		FF94437E14F8449200F118F5 /* crypto.h */ = {isa = PBXFileReference; fileEncoding = 4; lastKnownFileType = sourcecode.c.h; path = crypto.h; sourceTree = "<group>"; };
		FF94437F14F8449200F118F5 /* des.h */ = {isa = PBXFileReference; fileEncoding = 4; lastKnownFileType = sourcecode.c.h; path = des.h; sourceTree = "<group>"; };
		FF94438014F8449200F118F5 /* des_old.h */ = {isa = PBXFileReference; fileEncoding = 4; lastKnownFileType = sourcecode.c.h; path = des_old.h; sourceTree = "<group>"; };
		FF94438114F8449200F118F5 /* dh.h */ = {isa = PBXFileReference; fileEncoding = 4; lastKnownFileType = sourcecode.c.h; path = dh.h; sourceTree = "<group>"; };
		FF94438214F8449200F118F5 /* dsa.h */ = {isa = PBXFileReference; fileEncoding = 4; lastKnownFileType = sourcecode.c.h; path = dsa.h; sourceTree = "<group>"; };
		FF94438314F8449200F118F5 /* dso.h */ = {isa = PBXFileReference; fileEncoding = 4; lastKnownFileType = sourcecode.c.h; path = dso.h; sourceTree = "<group>"; };
		FF94438414F8449200F118F5 /* dtls1.h */ = {isa = PBXFileReference; fileEncoding = 4; lastKnownFileType = sourcecode.c.h; path = dtls1.h; sourceTree = "<group>"; };
		FF94438514F8449200F118F5 /* e_os2.h */ = {isa = PBXFileReference; fileEncoding = 4; lastKnownFileType = sourcecode.c.h; path = e_os2.h; sourceTree = "<group>"; };
		FF94438614F8449200F118F5 /* ebcdic.h */ = {isa = PBXFileReference; fileEncoding = 4; lastKnownFileType = sourcecode.c.h; path = ebcdic.h; sourceTree = "<group>"; };
		FF94438714F8449200F118F5 /* ec.h */ = {isa = PBXFileReference; fileEncoding = 4; lastKnownFileType = sourcecode.c.h; path = ec.h; sourceTree = "<group>"; };
		FF94438814F8449200F118F5 /* ecdh.h */ = {isa = PBXFileReference; fileEncoding = 4; lastKnownFileType = sourcecode.c.h; path = ecdh.h; sourceTree = "<group>"; };
		FF94438914F8449200F118F5 /* ecdsa.h */ = {isa = PBXFileReference; fileEncoding = 4; lastKnownFileType = sourcecode.c.h; path = ecdsa.h; sourceTree = "<group>"; };
		FF94438A14F8449200F118F5 /* engine.h */ = {isa = PBXFileReference; fileEncoding = 4; lastKnownFileType = sourcecode.c.h; path = engine.h; sourceTree = "<group>"; };
		FF94438B14F8449200F118F5 /* err.h */ = {isa = PBXFileReference; fileEncoding = 4; lastKnownFileType = sourcecode.c.h; path = err.h; sourceTree = "<group>"; };
		FF94438C14F8449200F118F5 /* evp.h */ = {isa = PBXFileReference; fileEncoding = 4; lastKnownFileType = sourcecode.c.h; path = evp.h; sourceTree = "<group>"; };
		FF94438D14F8449200F118F5 /* hmac.h */ = {isa = PBXFileReference; fileEncoding = 4; lastKnownFileType = sourcecode.c.h; path = hmac.h; sourceTree = "<group>"; };
		FF94438E14F8449200F118F5 /* idea.h */ = {isa = PBXFileReference; fileEncoding = 4; lastKnownFileType = sourcecode.c.h; path = idea.h; sourceTree = "<group>"; };
		FF94438F14F8449200F118F5 /* krb5_asn.h */ = {isa = PBXFileReference; fileEncoding = 4; lastKnownFileType = sourcecode.c.h; path = krb5_asn.h; sourceTree = "<group>"; };
		FF94439014F8449200F118F5 /* kssl.h */ = {isa = PBXFileReference; fileEncoding = 4; lastKnownFileType = sourcecode.c.h; path = kssl.h; sourceTree = "<group>"; };
		FF94439114F8449200F118F5 /* lhash.h */ = {isa = PBXFileReference; fileEncoding = 4; lastKnownFileType = sourcecode.c.h; path = lhash.h; sourceTree = "<group>"; };
		FF94439214F8449200F118F5 /* md4.h */ = {isa = PBXFileReference; fileEncoding = 4; lastKnownFileType = sourcecode.c.h; path = md4.h; sourceTree = "<group>"; };
		FF94439314F8449200F118F5 /* md5.h */ = {isa = PBXFileReference; fileEncoding = 4; lastKnownFileType = sourcecode.c.h; path = md5.h; sourceTree = "<group>"; };
		FF94439414F8449200F118F5 /* mdc2.h */ = {isa = PBXFileReference; fileEncoding = 4; lastKnownFileType = sourcecode.c.h; path = mdc2.h; sourceTree = "<group>"; };
		FF94439514F8449200F118F5 /* modes.h */ = {isa = PBXFileReference; fileEncoding = 4; lastKnownFileType = sourcecode.c.h; path = modes.h; sourceTree = "<group>"; };
		FF94439614F8449200F118F5 /* obj_mac.h */ = {isa = PBXFileReference; fileEncoding = 4; lastKnownFileType = sourcecode.c.h; path = obj_mac.h; sourceTree = "<group>"; };
		FF94439714F8449200F118F5 /* objects.h */ = {isa = PBXFileReference; fileEncoding = 4; lastKnownFileType = sourcecode.c.h; path = objects.h; sourceTree = "<group>"; };
		FF94439814F8449200F118F5 /* ocsp.h */ = {isa = PBXFileReference; fileEncoding = 4; lastKnownFileType = sourcecode.c.h; path = ocsp.h; sourceTree = "<group>"; };
		FF94439914F8449200F118F5 /* opensslconf.h */ = {isa = PBXFileReference; fileEncoding = 4; lastKnownFileType = sourcecode.c.h; path = opensslconf.h; sourceTree = "<group>"; };
		FF94439A14F8449200F118F5 /* opensslv.h */ = {isa = PBXFileReference; fileEncoding = 4; lastKnownFileType = sourcecode.c.h; path = opensslv.h; sourceTree = "<group>"; };
		FF94439B14F8449200F118F5 /* ossl_typ.h */ = {isa = PBXFileReference; fileEncoding = 4; lastKnownFileType = sourcecode.c.h; path = ossl_typ.h; sourceTree = "<group>"; };
		FF94439C14F8449200F118F5 /* pem.h */ = {isa = PBXFileReference; fileEncoding = 4; lastKnownFileType = sourcecode.c.h; path = pem.h; sourceTree = "<group>"; };
		FF94439D14F8449200F118F5 /* pem2.h */ = {isa = PBXFileReference; fileEncoding = 4; lastKnownFileType = sourcecode.c.h; path = pem2.h; sourceTree = "<group>"; };
		FF94439E14F8449200F118F5 /* pkcs12.h */ = {isa = PBXFileReference; fileEncoding = 4; lastKnownFileType = sourcecode.c.h; path = pkcs12.h; sourceTree = "<group>"; };
		FF94439F14F8449200F118F5 /* pkcs7.h */ = {isa = PBXFileReference; fileEncoding = 4; lastKnownFileType = sourcecode.c.h; path = pkcs7.h; sourceTree = "<group>"; };
		FF9443A014F8449200F118F5 /* pqueue.h */ = {isa = PBXFileReference; fileEncoding = 4; lastKnownFileType = sourcecode.c.h; path = pqueue.h; sourceTree = "<group>"; };
		FF9443A114F8449200F118F5 /* rand.h */ = {isa = PBXFileReference; fileEncoding = 4; lastKnownFileType = sourcecode.c.h; path = rand.h; sourceTree = "<group>"; };
		FF9443A214F8449200F118F5 /* rc2.h */ = {isa = PBXFileReference; fileEncoding = 4; lastKnownFileType = sourcecode.c.h; path = rc2.h; sourceTree = "<group>"; };
		FF9443A314F8449200F118F5 /* rc4.h */ = {isa = PBXFileReference; fileEncoding = 4; lastKnownFileType = sourcecode.c.h; path = rc4.h; sourceTree = "<group>"; };
		FF9443A414F8449200F118F5 /* ripemd.h */ = {isa = PBXFileReference; fileEncoding = 4; lastKnownFileType = sourcecode.c.h; path = ripemd.h; sourceTree = "<group>"; };
		FF9443A514F8449200F118F5 /* rsa.h */ = {isa = PBXFileReference; fileEncoding = 4; lastKnownFileType = sourcecode.c.h; path = rsa.h; sourceTree = "<group>"; };
		FF9443A614F8449200F118F5 /* safestack.h */ = {isa = PBXFileReference; fileEncoding = 4; lastKnownFileType = sourcecode.c.h; path = safestack.h; sourceTree = "<group>"; };
		FF9443A714F8449200F118F5 /* seed.h */ = {isa = PBXFileReference; fileEncoding = 4; lastKnownFileType = sourcecode.c.h; path = seed.h; sourceTree = "<group>"; };
		FF9443A814F8449200F118F5 /* sha.h */ = {isa = PBXFileReference; fileEncoding = 4; lastKnownFileType = sourcecode.c.h; path = sha.h; sourceTree = "<group>"; };
		FF9443A914F8449200F118F5 /* ssl.h */ = {isa = PBXFileReference; fileEncoding = 4; lastKnownFileType = sourcecode.c.h; path = ssl.h; sourceTree = "<group>"; };
		FF9443AA14F8449200F118F5 /* ssl2.h */ = {isa = PBXFileReference; fileEncoding = 4; lastKnownFileType = sourcecode.c.h; path = ssl2.h; sourceTree = "<group>"; };
		FF9443AB14F8449200F118F5 /* ssl23.h */ = {isa = PBXFileReference; fileEncoding = 4; lastKnownFileType = sourcecode.c.h; path = ssl23.h; sourceTree = "<group>"; };
		FF9443AC14F8449200F118F5 /* ssl3.h */ = {isa = PBXFileReference; fileEncoding = 4; lastKnownFileType = sourcecode.c.h; path = ssl3.h; sourceTree = "<group>"; };
		FF9443AD14F8449200F118F5 /* stack.h */ = {isa = PBXFileReference; fileEncoding = 4; lastKnownFileType = sourcecode.c.h; path = stack.h; sourceTree = "<group>"; };
		FF9443AE14F8449200F118F5 /* symhacks.h */ = {isa = PBXFileReference; fileEncoding = 4; lastKnownFileType = sourcecode.c.h; path = symhacks.h; sourceTree = "<group>"; };
		FF9443AF14F8449200F118F5 /* tls1.h */ = {isa = PBXFileReference; fileEncoding = 4; lastKnownFileType = sourcecode.c.h; path = tls1.h; sourceTree = "<group>"; };
		FF9443B014F8449200F118F5 /* ts.h */ = {isa = PBXFileReference; fileEncoding = 4; lastKnownFileType = sourcecode.c.h; path = ts.h; sourceTree = "<group>"; };
		FF9443B114F8449200F118F5 /* txt_db.h */ = {isa = PBXFileReference; fileEncoding = 4; lastKnownFileType = sourcecode.c.h; path = txt_db.h; sourceTree = "<group>"; };
		FF9443B214F8449200F118F5 /* ui.h */ = {isa = PBXFileReference; fileEncoding = 4; lastKnownFileType = sourcecode.c.h; path = ui.h; sourceTree = "<group>"; };
		FF9443B314F8449200F118F5 /* ui_compat.h */ = {isa = PBXFileReference; fileEncoding = 4; lastKnownFileType = sourcecode.c.h; path = ui_compat.h; sourceTree = "<group>"; };
		FF9443B414F8449200F118F5 /* whrlpool.h */ = {isa = PBXFileReference; fileEncoding = 4; lastKnownFileType = sourcecode.c.h; path = whrlpool.h; sourceTree = "<group>"; };
		FF9443B514F8449200F118F5 /* x509.h */ = {isa = PBXFileReference; fileEncoding = 4; lastKnownFileType = sourcecode.c.h; path = x509.h; sourceTree = "<group>"; };
		FF9443B614F8449200F118F5 /* x509_vfy.h */ = {isa = PBXFileReference; fileEncoding = 4; lastKnownFileType = sourcecode.c.h; path = x509_vfy.h; sourceTree = "<group>"; };
		FF9443B714F8449200F118F5 /* x509v3.h */ = {isa = PBXFileReference; fileEncoding = 4; lastKnownFileType = sourcecode.c.h; path = x509v3.h; sourceTree = "<group>"; };
		FF9443B814F8449200F118F5 /* pg_config.h */ = {isa = PBXFileReference; fileEncoding = 4; lastKnownFileType = sourcecode.c.h; path = pg_config.h; sourceTree = "<group>"; };
		FF9443B914F8449200F118F5 /* pg_config_manual.h */ = {isa = PBXFileReference; fileEncoding = 4; lastKnownFileType = sourcecode.c.h; path = pg_config_manual.h; sourceTree = "<group>"; };
		FF9443BA14F8449200F118F5 /* pg_config_os.h */ = {isa = PBXFileReference; fileEncoding = 4; lastKnownFileType = sourcecode.c.h; path = pg_config_os.h; sourceTree = "<group>"; };
		FF9443BB14F8449200F118F5 /* postgres_ext.h */ = {isa = PBXFileReference; fileEncoding = 4; lastKnownFileType = sourcecode.c.h; path = postgres_ext.h; sourceTree = "<group>"; };
		FF9443BC14F844AA00F118F5 /* libcrypto.a */ = {isa = PBXFileReference; lastKnownFileType = archive.ar; name = libcrypto.a; path = "../../libpq-ios/libcrypto.a"; sourceTree = "<group>"; };
		FF9443CF14F8472D00F118F5 /* libpq.a */ = {isa = PBXFileReference; lastKnownFileType = archive.ar; path = libpq.a; sourceTree = "<group>"; };
		FFEFEDFB14F6F12000D78112 /* FlukeDatabaseTool.app */ = {isa = PBXFileReference; explicitFileType = wrapper.application; includeInIndex = 0; path = FlukeDatabaseTool.app; sourceTree = BUILT_PRODUCTS_DIR; };
		FFEFEDFF14F6F12000D78112 /* UIKit.framework */ = {isa = PBXFileReference; lastKnownFileType = wrapper.framework; name = UIKit.framework; path = System/Library/Frameworks/UIKit.framework; sourceTree = SDKROOT; };
		FFEFEE0114F6F12000D78112 /* Foundation.framework */ = {isa = PBXFileReference; lastKnownFileType = wrapper.framework; name = Foundation.framework; path = System/Library/Frameworks/Foundation.framework; sourceTree = SDKROOT; };
		FFEFEE0314F6F12000D78112 /* CoreGraphics.framework */ = {isa = PBXFileReference; lastKnownFileType = wrapper.framework; name = CoreGraphics.framework; path = System/Library/Frameworks/CoreGraphics.framework; sourceTree = SDKROOT; };
		FFEFEE0714F6F12000D78112 /* FlukeDatabaseTool-Info.plist */ = {isa = PBXFileReference; lastKnownFileType = text.plist.xml; path = "FlukeDatabaseTool-Info.plist"; sourceTree = "<group>"; };
		FFEFEE0914F6F12000D78112 /* en */ = {isa = PBXFileReference; lastKnownFileType = text.plist.strings; name = en; path = en.lproj/InfoPlist.strings; sourceTree = "<group>"; };
		FFEFEE0B14F6F12000D78112 /* main.m */ = {isa = PBXFileReference; lastKnownFileType = sourcecode.c.objc; path = main.m; sourceTree = "<group>"; };
		FFEFEE0D14F6F12000D78112 /* FlukeDatabaseTool-Prefix.pch */ = {isa = PBXFileReference; lastKnownFileType = sourcecode.c.h; path = "FlukeDatabaseTool-Prefix.pch"; sourceTree = "<group>"; };
		FFEFEE0E14F6F12000D78112 /* AppDelegate.h */ = {isa = PBXFileReference; lastKnownFileType = sourcecode.c.h; path = AppDelegate.h; sourceTree = "<group>"; };
		FFEFEE0F14F6F12000D78112 /* AppDelegate.m */ = {isa = PBXFileReference; lastKnownFileType = sourcecode.c.objc; path = AppDelegate.m; sourceTree = "<group>"; };
		FFEFEE1114F6F12000D78112 /* FirstViewController.h */ = {isa = PBXFileReference; lastKnownFileType = sourcecode.c.h; path = FirstViewController.h; sourceTree = "<group>"; };
		FFEFEE1214F6F12000D78112 /* FirstViewController.m */ = {isa = PBXFileReference; lastKnownFileType = sourcecode.c.objc; path = FirstViewController.m; sourceTree = "<group>"; };
		FFEFEE1414F6F12000D78112 /* first.png */ = {isa = PBXFileReference; lastKnownFileType = image.png; path = first.png; sourceTree = "<group>"; };
		FFEFEE1614F6F12000D78112 /* first@2x.png */ = {isa = PBXFileReference; lastKnownFileType = image.png; path = "first@2x.png"; sourceTree = "<group>"; };
		FFEFEE1814F6F12000D78112 /* SecondViewController.h */ = {isa = PBXFileReference; lastKnownFileType = sourcecode.c.h; path = SecondViewController.h; sourceTree = "<group>"; };
		FFEFEE1914F6F12000D78112 /* SecondViewController.m */ = {isa = PBXFileReference; lastKnownFileType = sourcecode.c.objc; path = SecondViewController.m; sourceTree = "<group>"; };
		FFEFEE1B14F6F12000D78112 /* second.png */ = {isa = PBXFileReference; lastKnownFileType = image.png; path = second.png; sourceTree = "<group>"; };
		FFEFEE1D14F6F12000D78112 /* second@2x.png */ = {isa = PBXFileReference; lastKnownFileType = image.png; path = "second@2x.png"; sourceTree = "<group>"; };
		FFEFEE2014F6F12100D78112 /* en */ = {isa = PBXFileReference; lastKnownFileType = file.xib; name = en; path = en.lproj/FirstViewController.xib; sourceTree = "<group>"; };
		FFEFEE2314F6F12100D78112 /* en */ = {isa = PBXFileReference; lastKnownFileType = file.xib; name = en; path = en.lproj/SecondViewController.xib; sourceTree = "<group>"; };
/* End PBXFileReference section */

/* Begin PBXFrameworksBuildPhase section */
		FFEFEDF814F6F12000D78112 /* Frameworks */ = {
			isa = PBXFrameworksBuildPhase;
			buildActionMask = 2147483647;
			files = (
				FFEFEE0014F6F12000D78112 /* UIKit.framework in Frameworks */,
				FFEFEE0214F6F12000D78112 /* Foundation.framework in Frameworks */,
				FFEFEE0414F6F12000D78112 /* CoreGraphics.framework in Frameworks */,
				FF94428B14F8089600F118F5 /* libssl.a in Frameworks */,
				FF9443BD14F844AA00F118F5 /* libcrypto.a in Frameworks */,
				FF9443D014F8472D00F118F5 /* libpq.a in Frameworks */,
			);
			runOnlyForDeploymentPostprocessing = 0;
		};
/* End PBXFrameworksBuildPhase section */

/* Begin PBXGroup section */
		FF94430014F8151200F118F5 /* Products */ = {
			isa = PBXGroup;
			children = (
				FF94430514F8151300F118F5 /* libpq.a */,
				FF94430714F8151300F118F5 /* libpq-iosTests.octest */,
			);
			name = Products;
			sourceTree = "<group>";
		};
		FF94436A14F8449200F118F5 /* include */ = {
			isa = PBXGroup;
			children = (
				FF94436B14F8449200F118F5 /* libpq */,
				FF94436D14F8449200F118F5 /* libpq-events.h */,
				FF94436E14F8449200F118F5 /* libpq-fe.h */,
				FF94436F14F8449200F118F5 /* openssl */,
				FF9443B814F8449200F118F5 /* pg_config.h */,
				FF9443B914F8449200F118F5 /* pg_config_manual.h */,
				FF9443BA14F8449200F118F5 /* pg_config_os.h */,
				FF9443BB14F8449200F118F5 /* postgres_ext.h */,
			);
			name = include;
			path = "../../../libpq-ios/include";
			sourceTree = "<group>";
		};
		FF94436B14F8449200F118F5 /* libpq */ = {
			isa = PBXGroup;
			children = (
				FF94436C14F8449200F118F5 /* libpq-fs.h */,
			);
			path = libpq;
			sourceTree = "<group>";
		};
		FF94436F14F8449200F118F5 /* openssl */ = {
			isa = PBXGroup;
			children = (
				FF94437014F8449200F118F5 /* aes.h */,
				FF94437114F8449200F118F5 /* asn1.h */,
				FF94437214F8449200F118F5 /* asn1_mac.h */,
				FF94437314F8449200F118F5 /* asn1t.h */,
				FF94437414F8449200F118F5 /* bio.h */,
				FF94437514F8449200F118F5 /* blowfish.h */,
				FF94437614F8449200F118F5 /* bn.h */,
				FF94437714F8449200F118F5 /* buffer.h */,
				FF94437814F8449200F118F5 /* camellia.h */,
				FF94437914F8449200F118F5 /* cast.h */,
				FF94437A14F8449200F118F5 /* cms.h */,
				FF94437B14F8449200F118F5 /* comp.h */,
				FF94437C14F8449200F118F5 /* conf.h */,
				FF94437D14F8449200F118F5 /* conf_api.h */,
				FF94437E14F8449200F118F5 /* crypto.h */,
				FF94437F14F8449200F118F5 /* des.h */,
				FF94438014F8449200F118F5 /* des_old.h */,
				FF94438114F8449200F118F5 /* dh.h */,
				FF94438214F8449200F118F5 /* dsa.h */,
				FF94438314F8449200F118F5 /* dso.h */,
				FF94438414F8449200F118F5 /* dtls1.h */,
				FF94438514F8449200F118F5 /* e_os2.h */,
				FF94438614F8449200F118F5 /* ebcdic.h */,
				FF94438714F8449200F118F5 /* ec.h */,
				FF94438814F8449200F118F5 /* ecdh.h */,
				FF94438914F8449200F118F5 /* ecdsa.h */,
				FF94438A14F8449200F118F5 /* engine.h */,
				FF94438B14F8449200F118F5 /* err.h */,
				FF94438C14F8449200F118F5 /* evp.h */,
				FF94438D14F8449200F118F5 /* hmac.h */,
				FF94438E14F8449200F118F5 /* idea.h */,
				FF94438F14F8449200F118F5 /* krb5_asn.h */,
				FF94439014F8449200F118F5 /* kssl.h */,
				FF94439114F8449200F118F5 /* lhash.h */,
				FF94439214F8449200F118F5 /* md4.h */,
				FF94439314F8449200F118F5 /* md5.h */,
				FF94439414F8449200F118F5 /* mdc2.h */,
				FF94439514F8449200F118F5 /* modes.h */,
				FF94439614F8449200F118F5 /* obj_mac.h */,
				FF94439714F8449200F118F5 /* objects.h */,
				FF94439814F8449200F118F5 /* ocsp.h */,
				FF94439914F8449200F118F5 /* opensslconf.h */,
				FF94439A14F8449200F118F5 /* opensslv.h */,
				FF94439B14F8449200F118F5 /* ossl_typ.h */,
				FF94439C14F8449200F118F5 /* pem.h */,
				FF94439D14F8449200F118F5 /* pem2.h */,
				FF94439E14F8449200F118F5 /* pkcs12.h */,
				FF94439F14F8449200F118F5 /* pkcs7.h */,
				FF9443A014F8449200F118F5 /* pqueue.h */,
				FF9443A114F8449200F118F5 /* rand.h */,
				FF9443A214F8449200F118F5 /* rc2.h */,
				FF9443A314F8449200F118F5 /* rc4.h */,
				FF9443A414F8449200F118F5 /* ripemd.h */,
				FF9443A514F8449200F118F5 /* rsa.h */,
				FF9443A614F8449200F118F5 /* safestack.h */,
				FF9443A714F8449200F118F5 /* seed.h */,
				FF9443A814F8449200F118F5 /* sha.h */,
				FF9443A914F8449200F118F5 /* ssl.h */,
				FF9443AA14F8449200F118F5 /* ssl2.h */,
				FF9443AB14F8449200F118F5 /* ssl23.h */,
				FF9443AC14F8449200F118F5 /* ssl3.h */,
				FF9443AD14F8449200F118F5 /* stack.h */,
				FF9443AE14F8449200F118F5 /* symhacks.h */,
				FF9443AF14F8449200F118F5 /* tls1.h */,
				FF9443B014F8449200F118F5 /* ts.h */,
				FF9443B114F8449200F118F5 /* txt_db.h */,
				FF9443B214F8449200F118F5 /* ui.h */,
				FF9443B314F8449200F118F5 /* ui_compat.h */,
				FF9443B414F8449200F118F5 /* whrlpool.h */,
				FF9443B514F8449200F118F5 /* x509.h */,
				FF9443B614F8449200F118F5 /* x509_vfy.h */,
				FF9443B714F8449200F118F5 /* x509v3.h */,
			);
			path = openssl;
			sourceTree = "<group>";
		};
		FFEFEDF014F6F12000D78112 = {
			isa = PBXGroup;
			children = (
				FF9442FF14F8151200F118F5 /* libpq-ios.xcodeproj */,
				FFEFEE0514F6F12000D78112 /* FlukeDatabaseTool */,
				FFEFEDFE14F6F12000D78112 /* Frameworks */,
				FFEFEDFC14F6F12000D78112 /* Products */,
			);
			sourceTree = "<group>";
		};
		FFEFEDFC14F6F12000D78112 /* Products */ = {
			isa = PBXGroup;
			children = (
				FFEFEDFB14F6F12000D78112 /* FlukeDatabaseTool.app */,
			);
			name = Products;
			sourceTree = "<group>";
		};
		FFEFEDFE14F6F12000D78112 /* Frameworks */ = {
			isa = PBXGroup;
			children = (
				FF9443CF14F8472D00F118F5 /* libpq.a */,
				FF9443BC14F844AA00F118F5 /* libcrypto.a */,
				FF94428A14F8089600F118F5 /* libssl.a */,
				FFEFEDFF14F6F12000D78112 /* UIKit.framework */,
				FFEFEE0114F6F12000D78112 /* Foundation.framework */,
				FFEFEE0314F6F12000D78112 /* CoreGraphics.framework */,
			);
			name = Frameworks;
			sourceTree = "<group>";
		};
		FFEFEE0514F6F12000D78112 /* FlukeDatabaseTool */ = {
			isa = PBXGroup;
			children = (
				FFEFEE0E14F6F12000D78112 /* AppDelegate.h */,
				FFEFEE0F14F6F12000D78112 /* AppDelegate.m */,
				FFEFEE1114F6F12000D78112 /* FirstViewController.h */,
				FFEFEE1214F6F12000D78112 /* FirstViewController.m */,
				FFEFEE1414F6F12000D78112 /* first.png */,
				FFEFEE1614F6F12000D78112 /* first@2x.png */,
				FFEFEE1814F6F12000D78112 /* SecondViewController.h */,
				FFEFEE1914F6F12000D78112 /* SecondViewController.m */,
				FFEFEE1B14F6F12000D78112 /* second.png */,
				FFEFEE1D14F6F12000D78112 /* second@2x.png */,
				FFEFEE1F14F6F12100D78112 /* FirstViewController.xib */,
				FFEFEE2214F6F12100D78112 /* SecondViewController.xib */,
				FFEFEE0614F6F12000D78112 /* Supporting Files */,
			);
			path = FlukeDatabaseTool;
			sourceTree = "<group>";
		};
		FFEFEE0614F6F12000D78112 /* Supporting Files */ = {
			isa = PBXGroup;
			children = (
				FF94436A14F8449200F118F5 /* include */,
				FFEFEE0714F6F12000D78112 /* FlukeDatabaseTool-Info.plist */,
				FFEFEE0814F6F12000D78112 /* InfoPlist.strings */,
				FFEFEE0B14F6F12000D78112 /* main.m */,
				FFEFEE0D14F6F12000D78112 /* FlukeDatabaseTool-Prefix.pch */,
			);
			name = "Supporting Files";
			sourceTree = "<group>";
		};
/* End PBXGroup section */

/* Begin PBXNativeTarget section */
		FFEFEDFA14F6F12000D78112 /* FlukeDatabaseTool */ = {
			isa = PBXNativeTarget;
			buildConfigurationList = FFEFEE2714F6F12100D78112 /* Build configuration list for PBXNativeTarget "FlukeDatabaseTool" */;
			buildPhases = (
				FFEFEDF714F6F12000D78112 /* Sources */,
				FFEFEDF814F6F12000D78112 /* Frameworks */,
				FFEFEDF914F6F12000D78112 /* Resources */,
			);
			buildRules = (
			);
			dependencies = (
			);
			name = FlukeDatabaseTool;
			productName = FlukeDatabaseTool;
			productReference = FFEFEDFB14F6F12000D78112 /* FlukeDatabaseTool.app */;
			productType = "com.apple.product-type.application";
		};
/* End PBXNativeTarget section */

/* Begin PBXProject section */
		FFEFEDF214F6F12000D78112 /* Project object */ = {
			isa = PBXProject;
			attributes = {
				LastUpgradeCheck = 0420;
				ORGANIZATIONNAME = HOME;
			};
			buildConfigurationList = FFEFEDF514F6F12000D78112 /* Build configuration list for PBXProject "FlukeDatabaseTool" */;
			compatibilityVersion = "Xcode 3.2";
			developmentRegion = English;
			hasScannedForEncodings = 0;
			knownRegions = (
				en,
			);
			mainGroup = FFEFEDF014F6F12000D78112;
			productRefGroup = FFEFEDFC14F6F12000D78112 /* Products */;
			projectDirPath = "";
			projectReferences = (
				{
					ProductGroup = FF94430014F8151200F118F5 /* Products */;
					ProjectRef = FF9442FF14F8151200F118F5 /* libpq-ios.xcodeproj */;
				},
			);
			projectRoot = "";
			targets = (
				FFEFEDFA14F6F12000D78112 /* FlukeDatabaseTool */,
			);
		};
/* End PBXProject section */

/* Begin PBXReferenceProxy section */
		FF94430514F8151300F118F5 /* libpq.a */ = {
			isa = PBXReferenceProxy;
			fileType = archive.ar;
			path = libpq.a;
			remoteRef = FF94430414F8151300F118F5 /* PBXContainerItemProxy */;
			sourceTree = BUILT_PRODUCTS_DIR;
		};
		FF94430714F8151300F118F5 /* libpq-iosTests.octest */ = {
			isa = PBXReferenceProxy;
			fileType = wrapper.cfbundle;
			path = "libpq-iosTests.octest";
			remoteRef = FF94430614F8151300F118F5 /* PBXContainerItemProxy */;
			sourceTree = BUILT_PRODUCTS_DIR;
		};
/* End PBXReferenceProxy section */

/* Begin PBXResourcesBuildPhase section */
		FFEFEDF914F6F12000D78112 /* Resources */ = {
			isa = PBXResourcesBuildPhase;
			buildActionMask = 2147483647;
			files = (
				FFEFEE0A14F6F12000D78112 /* InfoPlist.strings in Resources */,
				FFEFEE1514F6F12000D78112 /* first.png in Resources */,
				FFEFEE1714F6F12000D78112 /* first@2x.png in Resources */,
				FFEFEE1C14F6F12000D78112 /* second.png in Resources */,
				FFEFEE1E14F6F12000D78112 /* second@2x.png in Resources */,
				FFEFEE2114F6F12100D78112 /* FirstViewController.xib in Resources */,
				FFEFEE2414F6F12100D78112 /* SecondViewController.xib in Resources */,
			);
			runOnlyForDeploymentPostprocessing = 0;
		};
/* End PBXResourcesBuildPhase section */

/* Begin PBXSourcesBuildPhase section */
		FFEFEDF714F6F12000D78112 /* Sources */ = {
			isa = PBXSourcesBuildPhase;
			buildActionMask = 2147483647;
			files = (
				FFEFEE0C14F6F12000D78112 /* main.m in Sources */,
				FFEFEE1014F6F12000D78112 /* AppDelegate.m in Sources */,
				FFEFEE1314F6F12000D78112 /* FirstViewController.m in Sources */,
				FFEFEE1A14F6F12000D78112 /* SecondViewController.m in Sources */,
			);
			runOnlyForDeploymentPostprocessing = 0;
		};
/* End PBXSourcesBuildPhase section */

/* Begin PBXVariantGroup section */
		FFEFEE0814F6F12000D78112 /* InfoPlist.strings */ = {
			isa = PBXVariantGroup;
			children = (
				FFEFEE0914F6F12000D78112 /* en */,
			);
			name = InfoPlist.strings;
			sourceTree = "<group>";
		};
		FFEFEE1F14F6F12100D78112 /* FirstViewController.xib */ = {
			isa = PBXVariantGroup;
			children = (
				FFEFEE2014F6F12100D78112 /* en */,
			);
			name = FirstViewController.xib;
			sourceTree = "<group>";
		};
		FFEFEE2214F6F12100D78112 /* SecondViewController.xib */ = {
			isa = PBXVariantGroup;
			children = (
				FFEFEE2314F6F12100D78112 /* en */,
			);
			name = SecondViewController.xib;
			sourceTree = "<group>";
		};
/* End PBXVariantGroup section */

/* Begin XCBuildConfiguration section */
		FFEFEE2514F6F12100D78112 /* Debug */ = {
			isa = XCBuildConfiguration;
			buildSettings = {
				ALWAYS_SEARCH_USER_PATHS = NO;
				ARCHS = "$(ARCHS_STANDARD_32_BIT)";
				"CODE_SIGN_IDENTITY[sdk=iphoneos*]" = "iPhone Developer";
				COPY_PHASE_STRIP = NO;
				GCC_C_LANGUAGE_STANDARD = gnu99;
				GCC_DYNAMIC_NO_PIC = NO;
				GCC_OPTIMIZATION_LEVEL = 0;
				GCC_PREPROCESSOR_DEFINITIONS = (
					"DEBUG=1",
					"$(inherited)",
				);
				GCC_SYMBOLS_PRIVATE_EXTERN = NO;
				GCC_VERSION = com.apple.compilers.llvm.clang.1_0;
				GCC_WARN_ABOUT_MISSING_PROTOTYPES = YES;
				GCC_WARN_ABOUT_RETURN_TYPE = YES;
				GCC_WARN_UNUSED_VARIABLE = YES;
				IPHONEOS_DEPLOYMENT_TARGET = 5.0;
				SDKROOT = iphoneos;
				TARGETED_DEVICE_FAMILY = 2;
			};
			name = Debug;
		};
		FFEFEE2614F6F12100D78112 /* Release */ = {
			isa = XCBuildConfiguration;
			buildSettings = {
				ALWAYS_SEARCH_USER_PATHS = NO;
				ARCHS = "$(ARCHS_STANDARD_32_BIT)";
				"CODE_SIGN_IDENTITY[sdk=iphoneos*]" = "iPhone Developer";
				COPY_PHASE_STRIP = YES;
				GCC_C_LANGUAGE_STANDARD = gnu99;
				GCC_VERSION = com.apple.compilers.llvm.clang.1_0;
				GCC_WARN_ABOUT_MISSING_PROTOTYPES = YES;
				GCC_WARN_ABOUT_RETURN_TYPE = YES;
				GCC_WARN_UNUSED_VARIABLE = YES;
				IPHONEOS_DEPLOYMENT_TARGET = 5.0;
				OTHER_CFLAGS = "-DNS_BLOCK_ASSERTIONS=1";
				SDKROOT = iphoneos;
				TARGETED_DEVICE_FAMILY = 2;
				VALIDATE_PRODUCT = YES;
			};
			name = Release;
		};
		FFEFEE2814F6F12100D78112 /* Debug */ = {
			isa = XCBuildConfiguration;
			buildSettings = {
				GCC_PRECOMPILE_PREFIX_HEADER = YES;
				GCC_PREFIX_HEADER = "FlukeDatabaseTool/FlukeDatabaseTool-Prefix.pch";
				INFOPLIST_FILE = "FlukeDatabaseTool/FlukeDatabaseTool-Info.plist";
				LIBRARY_SEARCH_PATHS = (
					"$(inherited)",
					"\"$(SRCROOT)/libpq-ios\"",
					"\"$(SRCROOT)/FlukeDatabaseTool\"",
					"\"$(SRCROOT)/../../libpq-ios\"",
					"\"$(SRCROOT)\"",
				);
				PRODUCT_NAME = "$(TARGET_NAME)";
				WRAPPER_EXTENSION = app;
			};
			name = Debug;
		};
		FFEFEE2914F6F12100D78112 /* Release */ = {
			isa = XCBuildConfiguration;
			buildSettings = {
				GCC_PRECOMPILE_PREFIX_HEADER = YES;
				GCC_PREFIX_HEADER = "FlukeDatabaseTool/FlukeDatabaseTool-Prefix.pch";
				INFOPLIST_FILE = "FlukeDatabaseTool/FlukeDatabaseTool-Info.plist";
				LIBRARY_SEARCH_PATHS = (
					"$(inherited)",
					"\"$(SRCROOT)/libpq-ios\"",
					"\"$(SRCROOT)/FlukeDatabaseTool\"",
					"\"$(SRCROOT)/../../libpq-ios\"",
					"\"$(SRCROOT)\"",
				);
				PRODUCT_NAME = "$(TARGET_NAME)";
				WRAPPER_EXTENSION = app;
			};
			name = Release;
		};
/* End XCBuildConfiguration section */

/* Begin XCConfigurationList section */
		FFEFEDF514F6F12000D78112 /* Build configuration list for PBXProject "FlukeDatabaseTool" */ = {
			isa = XCConfigurationList;
			buildConfigurations = (
				FFEFEE2514F6F12100D78112 /* Debug */,
				FFEFEE2614F6F12100D78112 /* Release */,
			);
			defaultConfigurationIsVisible = 0;
			defaultConfigurationName = Release;
		};
		FFEFEE2714F6F12100D78112 /* Build configuration list for PBXNativeTarget "FlukeDatabaseTool" */ = {
			isa = XCConfigurationList;
			buildConfigurations = (
				FFEFEE2814F6F12100D78112 /* Debug */,
				FFEFEE2914F6F12100D78112 /* Release */,
			);
			defaultConfigurationIsVisible = 0;
			defaultConfigurationName = Release;
		};
/* End XCConfigurationList section */
	};
	rootObject = FFEFEDF214F6F12000D78112 /* Project object */;
}
